
Microsoft Visual Studio Solution File, Format Version 12.00
# Visual Studio Version 16
VisualStudioVersion = 16.0.30503.244
MinimumVisualStudioVersion = 10.0.40219.1
Project("{9A19103F-16F7-4668-BE54-9A1E7A4F7556}") = "Saloon Assesement 1", "Saloon Assesement 1.csproj", "{65F50ED1-6D0F-4D5A-A800-F2C558BD3716}"
EndProject
Global
	GlobalSection(SolutionConfigurationPlatforms) = preSolution
		Debug|Any CPU = Debug|Any CPU
		Release|Any CPU = Release|Any CPU
	EndGlobalSection
	GlobalSection(ProjectConfigurationPlatforms) = postSolution
		{65F50ED1-6D0F-4D5A-A800-F2C558BD3716}.Debug|Any CPU.ActiveCfg = Debug|Any CPU
		{65F50ED1-6D0F-4D5A-A800-F2C558BD3716}.Debug|Any CPU.Build.0 = Debug|Any CPU
		{65F50ED1-6D0F-4D5A-A800-F2C558BD3716}.Release|Any CPU.ActiveCfg = Release|Any CPU
		{65F50ED1-6D0F-4D5A-A800-F2C558BD3716}.Release|Any CPU.Build.0 = Release|Any CPU
	EndGlobalSection
	GlobalSection(SolutionProperties) = preSolution
		HideSolutionNode = FALSE
	EndGlobalSection
	GlobalSection(ExtensibilityGlobals) = postSolution
		SolutionGuid = {2C6A8816-2D5C-4CC2-AB10-18143F43A7A7}
	EndGlobalSection
EndGlobal
